
Microsoft Visual Studio Solution File, Format Version 12.00
# Visual Studio Version 17
VisualStudioVersion = 17.5.33530.505
MinimumVisualStudioVersion = 10.0.40219.1
Project("{FAE04EC0-301F-11D3-BF4B-00C04F79EFBC}") = "cs_examples", "cs_examples\cs_examples.csproj", "{E0C2B4D2-FD4B-4B59-9C23-7E3541824FB4}"
EndProject
Global
	GlobalSection(SolutionConfigurationPlatforms) = preSolution
		Debug|Any CPU = Debug|Any CPU
		Release|Any CPU = Release|Any CPU
	EndGlobalSection
	GlobalSection(ProjectConfigurationPlatforms) = postSolution
		{E0C2B4D2-FD4B-4B59-9C23-7E3541824FB4}.Debug|Any CPU.ActiveCfg = Debug|Any CPU
		{E0C2B4D2-FD4B-4B59-9C23-7E3541824FB4}.Debug|Any CPU.Build.0 = Debug|Any CPU
		{E0C2B4D2-FD4B-4B59-9C23-7E3541824FB4}.Release|Any CPU.ActiveCfg = Release|Any CPU
		{E0C2B4D2-FD4B-4B59-9C23-7E3541824FB4}.Release|Any CPU.Build.0 = Release|Any CPU
	EndGlobalSection
	GlobalSection(SolutionProperties) = preSolution
		HideSolutionNode = FALSE
	EndGlobalSection
	GlobalSection(ExtensibilityGlobals) = postSolution
		SolutionGuid = {28DBABF9-BBDE-4848-B34E-0B312B022185}
	EndGlobalSection
EndGlobal
